
Microsoft Visual Studio Solution File, Format Version 12.00
Project("{FAE04EC0-301F-11D3-BF4B-00C04F79EFBC}") = "DiscountGenerator.Entrypoint", "DiscountGenerator.Entrypoint\DiscountGenerator.Entrypoint.csproj", "{D9F3545A-6BDE-4E50-9AD1-C31D81068A9C}"
EndProject
Project("{FAE04EC0-301F-11D3-BF4B-00C04F79EFBC}") = "DiscountGenerator.Infrastructure", "DiscountGenerator.Infrastructure\DiscountGenerator.Infrastructure.csproj", "{B0E57554-BA4B-4E0D-87DC-D8DB86A80119}"
EndProject
Project("{FAE04EC0-301F-11D3-BF4B-00C04F79EFBC}") = "DiscountGenerator.Domain", "DiscountGenerator.Domain\DiscountGenerator.Domain.csproj", "{1C4FA96E-078E-4013-A3C2-E18DCACED32C}"
EndProject
Project("{FAE04EC0-301F-11D3-BF4B-00C04F79EFBC}") = "DiscountGenerator.Application", "DiscountGenerator.Application\DiscountGenerator.Application.csproj", "{709DD16C-0BEA-4742-9CCE-88860200C22D}"
EndProject
Project("{FAE04EC0-301F-11D3-BF4B-00C04F79EFBC}") = "DiscountGenerator.Tests", "DiscountGenerator.Tests\DiscountGenerator.Tests.csproj", "{8C63D75F-6121-4F25-A105-002D2D46BCF2}"
EndProject
Global
	GlobalSection(SolutionConfigurationPlatforms) = preSolution
		Debug|Any CPU = Debug|Any CPU
		Release|Any CPU = Release|Any CPU
	EndGlobalSection
	GlobalSection(ProjectConfigurationPlatforms) = postSolution
		{D9F3545A-6BDE-4E50-9AD1-C31D81068A9C}.Debug|Any CPU.ActiveCfg = Debug|Any CPU
		{D9F3545A-6BDE-4E50-9AD1-C31D81068A9C}.Debug|Any CPU.Build.0 = Debug|Any CPU
		{D9F3545A-6BDE-4E50-9AD1-C31D81068A9C}.Release|Any CPU.ActiveCfg = Release|Any CPU
		{D9F3545A-6BDE-4E50-9AD1-C31D81068A9C}.Release|Any CPU.Build.0 = Release|Any CPU
		{B0E57554-BA4B-4E0D-87DC-D8DB86A80119}.Debug|Any CPU.ActiveCfg = Debug|Any CPU
		{B0E57554-BA4B-4E0D-87DC-D8DB86A80119}.Debug|Any CPU.Build.0 = Debug|Any CPU
		{B0E57554-BA4B-4E0D-87DC-D8DB86A80119}.Release|Any CPU.ActiveCfg = Release|Any CPU
		{B0E57554-BA4B-4E0D-87DC-D8DB86A80119}.Release|Any CPU.Build.0 = Release|Any CPU
		{1C4FA96E-078E-4013-A3C2-E18DCACED32C}.Debug|Any CPU.ActiveCfg = Debug|Any CPU
		{1C4FA96E-078E-4013-A3C2-E18DCACED32C}.Debug|Any CPU.Build.0 = Debug|Any CPU
		{1C4FA96E-078E-4013-A3C2-E18DCACED32C}.Release|Any CPU.ActiveCfg = Release|Any CPU
		{1C4FA96E-078E-4013-A3C2-E18DCACED32C}.Release|Any CPU.Build.0 = Release|Any CPU
		{709DD16C-0BEA-4742-9CCE-88860200C22D}.Debug|Any CPU.ActiveCfg = Debug|Any CPU
		{709DD16C-0BEA-4742-9CCE-88860200C22D}.Debug|Any CPU.Build.0 = Debug|Any CPU
		{709DD16C-0BEA-4742-9CCE-88860200C22D}.Release|Any CPU.ActiveCfg = Release|Any CPU
		{709DD16C-0BEA-4742-9CCE-88860200C22D}.Release|Any CPU.Build.0 = Release|Any CPU
		{8C63D75F-6121-4F25-A105-002D2D46BCF2}.Debug|Any CPU.ActiveCfg = Debug|Any CPU
		{8C63D75F-6121-4F25-A105-002D2D46BCF2}.Debug|Any CPU.Build.0 = Debug|Any CPU
		{8C63D75F-6121-4F25-A105-002D2D46BCF2}.Release|Any CPU.ActiveCfg = Release|Any CPU
		{8C63D75F-6121-4F25-A105-002D2D46BCF2}.Release|Any CPU.Build.0 = Release|Any CPU
	EndGlobalSection
EndGlobal
